
Microsoft Visual Studio Solution File, Format Version 12.00
# Visual Studio 2013
VisualStudioVersion = 12.0.31101.0
MinimumVisualStudioVersion = 10.0.40219.1
Project("{FAE04EC0-301F-11D3-BF4B-00C04F79EFBC}") = "MVCForCLR", "MVCForCLR.csproj", "{FD6FFC39-430A-47BF-A1EB-7F05BB56FB09}"
EndProject
Project("{FAE04EC0-301F-11D3-BF4B-00C04F79EFBC}") = "JDD.Log", "..\JDD.Log\JDD.Log.csproj", "{2E159024-6331-4010-AE36-29611DB8CCB3}"
EndProject
Project("{FAE04EC0-301F-11D3-BF4B-00C04F79EFBC}") = "JDD.DAL", "..\JDD.DAL\JDD.DAL.csproj", "{0A0FB92D-F52E-42F9-BCE9-0FAB1E8BF7C3}"
EndProject
Project("{FAE04EC0-301F-11D3-BF4B-00C04F79EFBC}") = "JDD.Cache.Redis", "..\JDD.Cache.Redis\JDD.Cache.Redis.csproj", "{0A5319CE-D38C-4FF7-A06C-E5A0BB1F9320}"
EndProject
Project("{FAE04EC0-301F-11D3-BF4B-00C04F79EFBC}") = "CreateProcedures", "..\CreateProcedures\CreateProcedures.csproj", "{3DE83F65-025A-48BB-BB86-84B9D5F29514}"
EndProject
Global
	GlobalSection(SolutionConfigurationPlatforms) = preSolution
		Debug|Any CPU = Debug|Any CPU
		Debug|Mixed Platforms = Debug|Mixed Platforms
		Debug|x86 = Debug|x86
		Release|Any CPU = Release|Any CPU
		Release|Mixed Platforms = Release|Mixed Platforms
		Release|x86 = Release|x86
	EndGlobalSection
	GlobalSection(ProjectConfigurationPlatforms) = postSolution
		{FD6FFC39-430A-47BF-A1EB-7F05BB56FB09}.Debug|Any CPU.ActiveCfg = Debug|Any CPU
		{FD6FFC39-430A-47BF-A1EB-7F05BB56FB09}.Debug|Any CPU.Build.0 = Debug|Any CPU
		{FD6FFC39-430A-47BF-A1EB-7F05BB56FB09}.Debug|Mixed Platforms.ActiveCfg = Debug|Any CPU
		{FD6FFC39-430A-47BF-A1EB-7F05BB56FB09}.Debug|Mixed Platforms.Build.0 = Debug|Any CPU
		{FD6FFC39-430A-47BF-A1EB-7F05BB56FB09}.Debug|x86.ActiveCfg = Debug|Any CPU
		{FD6FFC39-430A-47BF-A1EB-7F05BB56FB09}.Release|Any CPU.ActiveCfg = Release|Any CPU
		{FD6FFC39-430A-47BF-A1EB-7F05BB56FB09}.Release|Any CPU.Build.0 = Release|Any CPU
		{FD6FFC39-430A-47BF-A1EB-7F05BB56FB09}.Release|Mixed Platforms.ActiveCfg = Release|Any CPU
		{FD6FFC39-430A-47BF-A1EB-7F05BB56FB09}.Release|Mixed Platforms.Build.0 = Release|Any CPU
		{FD6FFC39-430A-47BF-A1EB-7F05BB56FB09}.Release|x86.ActiveCfg = Release|Any CPU
		{2E159024-6331-4010-AE36-29611DB8CCB3}.Debug|Any CPU.ActiveCfg = Debug|Any CPU
		{2E159024-6331-4010-AE36-29611DB8CCB3}.Debug|Any CPU.Build.0 = Debug|Any CPU
		{2E159024-6331-4010-AE36-29611DB8CCB3}.Debug|Mixed Platforms.ActiveCfg = Debug|Any CPU
		{2E159024-6331-4010-AE36-29611DB8CCB3}.Debug|Mixed Platforms.Build.0 = Debug|Any CPU
		{2E159024-6331-4010-AE36-29611DB8CCB3}.Debug|x86.ActiveCfg = Debug|Any CPU
		{2E159024-6331-4010-AE36-29611DB8CCB3}.Release|Any CPU.ActiveCfg = Release|Any CPU
		{2E159024-6331-4010-AE36-29611DB8CCB3}.Release|Any CPU.Build.0 = Release|Any CPU
		{2E159024-6331-4010-AE36-29611DB8CCB3}.Release|Mixed Platforms.ActiveCfg = Release|Any CPU
		{2E159024-6331-4010-AE36-29611DB8CCB3}.Release|Mixed Platforms.Build.0 = Release|Any CPU
		{2E159024-6331-4010-AE36-29611DB8CCB3}.Release|x86.ActiveCfg = Release|Any CPU
		{0A0FB92D-F52E-42F9-BCE9-0FAB1E8BF7C3}.Debug|Any CPU.ActiveCfg = Debug|Any CPU
		{0A0FB92D-F52E-42F9-BCE9-0FAB1E8BF7C3}.Debug|Any CPU.Build.0 = Debug|Any CPU
		{0A0FB92D-F52E-42F9-BCE9-0FAB1E8BF7C3}.Debug|Mixed Platforms.ActiveCfg = Debug|Any CPU
		{0A0FB92D-F52E-42F9-BCE9-0FAB1E8BF7C3}.Debug|Mixed Platforms.Build.0 = Debug|Any CPU
		{0A0FB92D-F52E-42F9-BCE9-0FAB1E8BF7C3}.Debug|x86.ActiveCfg = Debug|Any CPU
		{0A0FB92D-F52E-42F9-BCE9-0FAB1E8BF7C3}.Release|Any CPU.ActiveCfg = Release|Any CPU
		{0A0FB92D-F52E-42F9-BCE9-0FAB1E8BF7C3}.Release|Any CPU.Build.0 = Release|Any CPU
		{0A0FB92D-F52E-42F9-BCE9-0FAB1E8BF7C3}.Release|Mixed Platforms.ActiveCfg = Release|Any CPU
		{0A0FB92D-F52E-42F9-BCE9-0FAB1E8BF7C3}.Release|Mixed Platforms.Build.0 = Release|Any CPU
		{0A0FB92D-F52E-42F9-BCE9-0FAB1E8BF7C3}.Release|x86.ActiveCfg = Release|Any CPU
		{0A5319CE-D38C-4FF7-A06C-E5A0BB1F9320}.Debug|Any CPU.ActiveCfg = Debug|Any CPU
		{0A5319CE-D38C-4FF7-A06C-E5A0BB1F9320}.Debug|Any CPU.Build.0 = Debug|Any CPU
		{0A5319CE-D38C-4FF7-A06C-E5A0BB1F9320}.Debug|Mixed Platforms.ActiveCfg = Debug|Any CPU
		{0A5319CE-D38C-4FF7-A06C-E5A0BB1F9320}.Debug|Mixed Platforms.Build.0 = Debug|Any CPU
		{0A5319CE-D38C-4FF7-A06C-E5A0BB1F9320}.Debug|x86.ActiveCfg = Debug|Any CPU
		{0A5319CE-D38C-4FF7-A06C-E5A0BB1F9320}.Release|Any CPU.ActiveCfg = Release|Any CPU
		{0A5319CE-D38C-4FF7-A06C-E5A0BB1F9320}.Release|Any CPU.Build.0 = Release|Any CPU
		{0A5319CE-D38C-4FF7-A06C-E5A0BB1F9320}.Release|Mixed Platforms.ActiveCfg = Release|Any CPU
		{0A5319CE-D38C-4FF7-A06C-E5A0BB1F9320}.Release|Mixed Platforms.Build.0 = Release|Any CPU
		{0A5319CE-D38C-4FF7-A06C-E5A0BB1F9320}.Release|x86.ActiveCfg = Release|Any CPU
		{3DE83F65-025A-48BB-BB86-84B9D5F29514}.Debug|Any CPU.ActiveCfg = Debug|x86
		{3DE83F65-025A-48BB-BB86-84B9D5F29514}.Debug|Mixed Platforms.ActiveCfg = Debug|x86
		{3DE83F65-025A-48BB-BB86-84B9D5F29514}.Debug|Mixed Platforms.Build.0 = Debug|x86
		{3DE83F65-025A-48BB-BB86-84B9D5F29514}.Debug|x86.ActiveCfg = Debug|x86
		{3DE83F65-025A-48BB-BB86-84B9D5F29514}.Debug|x86.Build.0 = Debug|x86
		{3DE83F65-025A-48BB-BB86-84B9D5F29514}.Release|Any CPU.ActiveCfg = Release|x86
		{3DE83F65-025A-48BB-BB86-84B9D5F29514}.Release|Mixed Platforms.ActiveCfg = Release|x86
		{3DE83F65-025A-48BB-BB86-84B9D5F29514}.Release|Mixed Platforms.Build.0 = Release|x86
		{3DE83F65-025A-48BB-BB86-84B9D5F29514}.Release|x86.ActiveCfg = Release|x86
		{3DE83F65-025A-48BB-BB86-84B9D5F29514}.Release|x86.Build.0 = Release|x86
	EndGlobalSection
	GlobalSection(SolutionProperties) = preSolution
		HideSolutionNode = FALSE
	EndGlobalSection
EndGlobal
